
Microsoft Visual Studio Solution File, Format Version 12.00
# Visual Studio Version 17
VisualStudioVersion = 17.4.33403.182
MinimumVisualStudioVersion = 10.0.40219.1
Project("{FAE04EC0-301F-11D3-BF4B-00C04F79EFBC}") = "SWScript", "SWScript.csproj", "{FC3BEB66-0E20-4AE2-A728-5D6A1E143693}"
EndProject
Global
	GlobalSection(SolutionConfigurationPlatforms) = preSolution
		Debug|Any CPU = Debug|Any CPU
		Release|Any CPU = Release|Any CPU
	EndGlobalSection
	GlobalSection(ProjectConfigurationPlatforms) = postSolution
		{FC3BEB66-0E20-4AE2-A728-5D6A1E143693}.Debug|Any CPU.ActiveCfg = Debug|Any CPU
		{FC3BEB66-0E20-4AE2-A728-5D6A1E143693}.Debug|Any CPU.Build.0 = Debug|Any CPU
		{FC3BEB66-0E20-4AE2-A728-5D6A1E143693}.Release|Any CPU.ActiveCfg = Release|Any CPU
		{FC3BEB66-0E20-4AE2-A728-5D6A1E143693}.Release|Any CPU.Build.0 = Release|Any CPU
	EndGlobalSection
	GlobalSection(SolutionProperties) = preSolution
		HideSolutionNode = FALSE
	EndGlobalSection
	GlobalSection(ExtensibilityGlobals) = postSolution
		SolutionGuid = {94F158F5-BB54-4259-B2CB-AC442978F7A3}
	EndGlobalSection
EndGlobal
